
Microsoft Visual Studio Solution File, Format Version 12.00
# Visual Studio Version 16
VisualStudioVersion = 16.0.30804.86
MinimumVisualStudioVersion = 10.0.40219.1
Project("{9A19103F-16F7-4668-BE54-9A1E7A4F7556}") = "SearchFight.ConsoleApplication", "SearchFight\SearchFight.ConsoleApplication.csproj", "{7A502D9A-3AD7-43F4-AE9F-87BDD7C51394}"
EndProject
Project("{2150E333-8FDC-42A3-9474-1A3956D46DE8}") = "src", "src", "{7D22169C-B1E2-440A-8020-3086F9CF2354}"
EndProject
Project("{2150E333-8FDC-42A3-9474-1A3956D46DE8}") = "test", "test", "{08DA4002-857D-42B1-8A1F-E3E4C4189956}"
EndProject
Project("{9A19103F-16F7-4668-BE54-9A1E7A4F7556}") = "SearchFight.Infrastructure", "SearchFight.Infrastructure\SearchFight.Infrastructure.csproj", "{9D3F3242-94FA-4707-AF25-369F2760AF0A}"
EndProject
Project("{9A19103F-16F7-4668-BE54-9A1E7A4F7556}") = "SearchFight.ApplicationDomain", "SearchFight.Application\SearchFight.ApplicationDomain.csproj", "{19DF6BF0-BE29-4330-8A5D-E5C43EC6E8E7}"
EndProject
Project("{FAE04EC0-301F-11D3-BF4B-00C04F79EFBC}") = "SearchFight.IoC", "SearchFight.IoC\SearchFight.IoC.csproj", "{7DB32B19-6767-44DA-81F3-C2844A9269C2}"
EndProject
Global
	GlobalSection(SolutionConfigurationPlatforms) = preSolution
		Debug|Any CPU = Debug|Any CPU
		Release|Any CPU = Release|Any CPU
	EndGlobalSection
	GlobalSection(ProjectConfigurationPlatforms) = postSolution
		{7A502D9A-3AD7-43F4-AE9F-87BDD7C51394}.Debug|Any CPU.ActiveCfg = Debug|Any CPU
		{7A502D9A-3AD7-43F4-AE9F-87BDD7C51394}.Debug|Any CPU.Build.0 = Debug|Any CPU
		{7A502D9A-3AD7-43F4-AE9F-87BDD7C51394}.Release|Any CPU.ActiveCfg = Release|Any CPU
		{7A502D9A-3AD7-43F4-AE9F-87BDD7C51394}.Release|Any CPU.Build.0 = Release|Any CPU
		{9D3F3242-94FA-4707-AF25-369F2760AF0A}.Debug|Any CPU.ActiveCfg = Debug|Any CPU
		{9D3F3242-94FA-4707-AF25-369F2760AF0A}.Debug|Any CPU.Build.0 = Debug|Any CPU
		{9D3F3242-94FA-4707-AF25-369F2760AF0A}.Release|Any CPU.ActiveCfg = Release|Any CPU
		{9D3F3242-94FA-4707-AF25-369F2760AF0A}.Release|Any CPU.Build.0 = Release|Any CPU
		{19DF6BF0-BE29-4330-8A5D-E5C43EC6E8E7}.Debug|Any CPU.ActiveCfg = Debug|Any CPU
		{19DF6BF0-BE29-4330-8A5D-E5C43EC6E8E7}.Debug|Any CPU.Build.0 = Debug|Any CPU
		{19DF6BF0-BE29-4330-8A5D-E5C43EC6E8E7}.Release|Any CPU.ActiveCfg = Release|Any CPU
		{19DF6BF0-BE29-4330-8A5D-E5C43EC6E8E7}.Release|Any CPU.Build.0 = Release|Any CPU
		{7DB32B19-6767-44DA-81F3-C2844A9269C2}.Debug|Any CPU.ActiveCfg = Debug|Any CPU
		{7DB32B19-6767-44DA-81F3-C2844A9269C2}.Debug|Any CPU.Build.0 = Debug|Any CPU
		{7DB32B19-6767-44DA-81F3-C2844A9269C2}.Release|Any CPU.ActiveCfg = Release|Any CPU
		{7DB32B19-6767-44DA-81F3-C2844A9269C2}.Release|Any CPU.Build.0 = Release|Any CPU
	EndGlobalSection
	GlobalSection(SolutionProperties) = preSolution
		HideSolutionNode = FALSE
	EndGlobalSection
	GlobalSection(NestedProjects) = preSolution
		{7A502D9A-3AD7-43F4-AE9F-87BDD7C51394} = {7D22169C-B1E2-440A-8020-3086F9CF2354}
		{9D3F3242-94FA-4707-AF25-369F2760AF0A} = {7D22169C-B1E2-440A-8020-3086F9CF2354}
		{19DF6BF0-BE29-4330-8A5D-E5C43EC6E8E7} = {7D22169C-B1E2-440A-8020-3086F9CF2354}
		{7DB32B19-6767-44DA-81F3-C2844A9269C2} = {7D22169C-B1E2-440A-8020-3086F9CF2354}
	EndGlobalSection
	GlobalSection(ExtensibilityGlobals) = postSolution
		SolutionGuid = {0FC5E016-144B-455D-B750-BB7E9767E52C}
	EndGlobalSection
EndGlobal
